// !$*UTF8*$!
{
	archiveVersion = 1;
	classes = {
	};
	objectVersion = 46;
	objects = {

/* Begin PBXBuildFile section */
		286E1B111F646E0C00C9ED47 /* AppDelegate.swift in Sources */ = {isa = PBXBuildFile; fileRef = 286E1B101F646E0C00C9ED47 /* AppDelegate.swift */; };
		286E1B131F646E0C00C9ED47 /* MyReservationsViewController.swift in Sources */ = {isa = PBXBuildFile; fileRef = 286E1B121F646E0C00C9ED47 /* MyReservationsViewController.swift */; };
		286E1B161F646E0C00C9ED47 /* Main.storyboard in Resources */ = {isa = PBXBuildFile; fileRef = 286E1B141F646E0C00C9ED47 /* Main.storyboard */; };
		286E1B191F646E0C00C9ED47 /* MyReservatioins.xcdatamodeld in Sources */ = {isa = PBXBuildFile; fileRef = 286E1B171F646E0C00C9ED47 /* MyReservatioins.xcdatamodeld */; };
		286E1B1B1F646E0C00C9ED47 /* Assets.xcassets in Resources */ = {isa = PBXBuildFile; fileRef = 286E1B1A1F646E0C00C9ED47 /* Assets.xcassets */; };
		286E1B1E1F646E0C00C9ED47 /* LaunchScreen.storyboard in Resources */ = {isa = PBXBuildFile; fileRef = 286E1B1C1F646E0C00C9ED47 /* LaunchScreen.storyboard */; };
		286E1B261F6480F100C9ED47 /* ScheduleReservationViewController.swift in Sources */ = {isa = PBXBuildFile; fileRef = 286E1B251F6480F100C9ED47 /* ScheduleReservationViewController.swift */; };
		286E1B281F64B02A00C9ED47 /* CalendarDataSource.swift in Sources */ = {isa = PBXBuildFile; fileRef = 286E1B271F64B02A00C9ED47 /* CalendarDataSource.swift */; };
		286E1B2C1F64CD5900C9ED47 /* TimeDataSource.swift in Sources */ = {isa = PBXBuildFile; fileRef = 286E1B2B1F64CD5900C9ED47 /* TimeDataSource.swift */; };
		286E1B2E1F65121200C9ED47 /* TimeCell.swift in Sources */ = {isa = PBXBuildFile; fileRef = 286E1B2D1F65121200C9ED47 /* TimeCell.swift */; };
		286E1B301F65138200C9ED47 /* DateCell.swift in Sources */ = {isa = PBXBuildFile; fileRef = 286E1B2F1F65138200C9ED47 /* DateCell.swift */; };
		286E1B391F66380A00C9ED47 /* MyReservationCollectionViewCell.swift in Sources */ = {isa = PBXBuildFile; fileRef = 286E1B381F66380A00C9ED47 /* MyReservationCollectionViewCell.swift */; };
/* End PBXBuildFile section */

/* Begin PBXFileReference section */
		286E1B0D1F646E0C00C9ED47 /* MyReservatioins.app */ = {isa = PBXFileReference; explicitFileType = wrapper.application; includeInIndex = 0; path = MyReservatioins.app; sourceTree = BUILT_PRODUCTS_DIR; };
		286E1B101F646E0C00C9ED47 /* AppDelegate.swift */ = {isa = PBXFileReference; lastKnownFileType = sourcecode.swift; path = AppDelegate.swift; sourceTree = "<group>"; };
		286E1B121F646E0C00C9ED47 /* MyReservationsViewController.swift */ = {isa = PBXFileReference; lastKnownFileType = sourcecode.swift; path = MyReservationsViewController.swift; sourceTree = "<group>"; };
		286E1B151F646E0C00C9ED47 /* Base */ = {isa = PBXFileReference; lastKnownFileType = file.storyboard; name = Base; path = Base.lproj/Main.storyboard; sourceTree = "<group>"; };
		286E1B181F646E0C00C9ED47 /* MyReservatioins.xcdatamodel */ = {isa = PBXFileReference; lastKnownFileType = wrapper.xcdatamodel; path = MyReservatioins.xcdatamodel; sourceTree = "<group>"; };
		286E1B1A1F646E0C00C9ED47 /* Assets.xcassets */ = {isa = PBXFileReference; lastKnownFileType = folder.assetcatalog; path = Assets.xcassets; sourceTree = "<group>"; };
		286E1B1D1F646E0C00C9ED47 /* Base */ = {isa = PBXFileReference; lastKnownFileType = file.storyboard; name = Base; path = Base.lproj/LaunchScreen.storyboard; sourceTree = "<group>"; };
		286E1B1F1F646E0C00C9ED47 /* Info.plist */ = {isa = PBXFileReference; lastKnownFileType = text.plist.xml; path = Info.plist; sourceTree = "<group>"; };
		286E1B251F6480F100C9ED47 /* ScheduleReservationViewController.swift */ = {isa = PBXFileReference; fileEncoding = 4; lastKnownFileType = sourcecode.swift; path = ScheduleReservationViewController.swift; sourceTree = "<group>"; };
		286E1B271F64B02A00C9ED47 /* CalendarDataSource.swift */ = {isa = PBXFileReference; fileEncoding = 4; lastKnownFileType = sourcecode.swift; path = CalendarDataSource.swift; sourceTree = "<group>"; };
		286E1B2B1F64CD5900C9ED47 /* TimeDataSource.swift */ = {isa = PBXFileReference; fileEncoding = 4; lastKnownFileType = sourcecode.swift; path = TimeDataSource.swift; sourceTree = "<group>"; };
		286E1B2D1F65121200C9ED47 /* TimeCell.swift */ = {isa = PBXFileReference; fileEncoding = 4; lastKnownFileType = sourcecode.swift; path = TimeCell.swift; sourceTree = "<group>"; };
		286E1B2F1F65138200C9ED47 /* DateCell.swift */ = {isa = PBXFileReference; fileEncoding = 4; lastKnownFileType = sourcecode.swift; path = DateCell.swift; sourceTree = "<group>"; };
		286E1B381F66380A00C9ED47 /* MyReservationCollectionViewCell.swift */ = {isa = PBXFileReference; fileEncoding = 4; lastKnownFileType = sourcecode.swift; path = MyReservationCollectionViewCell.swift; sourceTree = "<group>"; };
/* End PBXFileReference section */

/* Begin PBXFrameworksBuildPhase section */
		286E1B0A1F646E0C00C9ED47 /* Frameworks */ = {
			isa = PBXFrameworksBuildPhase;
			buildActionMask = 2147483647;
			files = (
			);
			runOnlyForDeploymentPostprocessing = 0;
		};
/* End PBXFrameworksBuildPhase section */

/* Begin PBXGroup section */
		286E1B041F646E0C00C9ED47 = {
			isa = PBXGroup;
			children = (
				286E1B0F1F646E0C00C9ED47 /* MyReservatioins */,
				286E1B0E1F646E0C00C9ED47 /* Products */,
			);
			sourceTree = "<group>";
		};
		286E1B0E1F646E0C00C9ED47 /* Products */ = {
			isa = PBXGroup;
			children = (
				286E1B0D1F646E0C00C9ED47 /* MyReservatioins.app */,
			);
			name = Products;
			sourceTree = "<group>";
		};
		286E1B0F1F646E0C00C9ED47 /* MyReservatioins */ = {
			isa = PBXGroup;
			children = (
				286E1B101F646E0C00C9ED47 /* AppDelegate.swift */,
				286E1B121F646E0C00C9ED47 /* MyReservationsViewController.swift */,
				286E1B251F6480F100C9ED47 /* ScheduleReservationViewController.swift */,
				286E1B141F646E0C00C9ED47 /* Main.storyboard */,
				286E1B1A1F646E0C00C9ED47 /* Assets.xcassets */,
				286E1B1C1F646E0C00C9ED47 /* LaunchScreen.storyboard */,
				286E1B1F1F646E0C00C9ED47 /* Info.plist */,
				286E1B171F646E0C00C9ED47 /* MyReservatioins.xcdatamodeld */,
				286E1B2F1F65138200C9ED47 /* DateCell.swift */,
				286E1B271F64B02A00C9ED47 /* CalendarDataSource.swift */,
				286E1B2D1F65121200C9ED47 /* TimeCell.swift */,
				286E1B2B1F64CD5900C9ED47 /* TimeDataSource.swift */,
				286E1B381F66380A00C9ED47 /* MyReservationCollectionViewCell.swift */,
			);
			path = MyReservatioins;
			sourceTree = "<group>";
		};
/* End PBXGroup section */

/* Begin PBXNativeTarget section */
		286E1B0C1F646E0C00C9ED47 /* MyReservatioins */ = {
			isa = PBXNativeTarget;
			buildConfigurationList = 286E1B221F646E0C00C9ED47 /* Build configuration list for PBXNativeTarget "MyReservatioins" */;
			buildPhases = (
				286E1B091F646E0C00C9ED47 /* Sources */,
				286E1B0A1F646E0C00C9ED47 /* Frameworks */,
				286E1B0B1F646E0C00C9ED47 /* Resources */,
			);
			buildRules = (
			);
			dependencies = (
			);
			name = MyReservatioins;
			productName = MyReservatioins;
			productReference = 286E1B0D1F646E0C00C9ED47 /* MyReservatioins.app */;
			productType = "com.apple.product-type.application";
		};
/* End PBXNativeTarget section */

/* Begin PBXProject section */
		286E1B051F646E0C00C9ED47 /* Project object */ = {
			isa = PBXProject;
			attributes = {
				LastSwiftUpdateCheck = 0830;
				LastUpgradeCheck = 1010;
				ORGANIZATIONNAME = tbd;
				TargetAttributes = {
					286E1B0C1F646E0C00C9ED47 = {
						CreatedOnToolsVersion = 8.3.3;
						LastSwiftMigration = 1010;
						ProvisioningStyle = Manual;
					};
				};
			};
			buildConfigurationList = 286E1B081F646E0C00C9ED47 /* Build configuration list for PBXProject "MyReservatioins" */;
			compatibilityVersion = "Xcode 3.2";
			developmentRegion = English;
			hasScannedForEncodings = 0;
			knownRegions = (
				en,
				Base,
			);
			mainGroup = 286E1B041F646E0C00C9ED47;
			productRefGroup = 286E1B0E1F646E0C00C9ED47 /* Products */;
			projectDirPath = "";
			projectRoot = "";
			targets = (
				286E1B0C1F646E0C00C9ED47 /* MyReservatioins */,
			);
		};
/* End PBXProject section */

/* Begin PBXResourcesBuildPhase section */
		286E1B0B1F646E0C00C9ED47 /* Resources */ = {
			isa = PBXResourcesBuildPhase;
			buildActionMask = 2147483647;
			files = (
				286E1B1E1F646E0C00C9ED47 /* LaunchScreen.storyboard in Resources */,
				286E1B1B1F646E0C00C9ED47 /* Assets.xcassets in Resources */,
				286E1B161F646E0C00C9ED47 /* Main.storyboard in Resources */,
			);
			runOnlyForDeploymentPostprocessing = 0;
		};
/* End PBXResourcesBuildPhase section */

/* Begin PBXSourcesBuildPhase section */
		286E1B091F646E0C00C9ED47 /* Sources */ = {
			isa = PBXSourcesBuildPhase;
			buildActionMask = 2147483647;
			files = (
				286E1B391F66380A00C9ED47 /* MyReservationCollectionViewCell.swift in Sources */,
				286E1B2E1F65121200C9ED47 /* TimeCell.swift in Sources */,
				286E1B281F64B02A00C9ED47 /* CalendarDataSource.swift in Sources */,
				286E1B261F6480F100C9ED47 /* ScheduleReservationViewController.swift in Sources */,
				286E1B2C1F64CD5900C9ED47 /* TimeDataSource.swift in Sources */,
				286E1B301F65138200C9ED47 /* DateCell.swift in Sources */,
				286E1B191F646E0C00C9ED47 /* MyReservatioins.xcdatamodeld in Sources */,
				286E1B131F646E0C00C9ED47 /* MyReservationsViewController.swift in Sources */,
				286E1B111F646E0C00C9ED47 /* AppDelegate.swift in Sources */,
			);
			runOnlyForDeploymentPostprocessing = 0;
		};
/* End PBXSourcesBuildPhase section */

/* Begin PBXVariantGroup section */
		286E1B141F646E0C00C9ED47 /* Main.storyboard */ = {
			isa = PBXVariantGroup;
			children = (
				286E1B151F646E0C00C9ED47 /* Base */,
			);
			name = Main.storyboard;
			sourceTree = "<group>";
		};
		286E1B1C1F646E0C00C9ED47 /* LaunchScreen.storyboard */ = {
			isa = PBXVariantGroup;
			children = (
				286E1B1D1F646E0C00C9ED47 /* Base */,
			);
			name = LaunchScreen.storyboard;
			sourceTree = "<group>";
		};
/* End PBXVariantGroup section */

/* Begin XCBuildConfiguration section */
		286E1B201F646E0C00C9ED47 /* Debug */ = {
			isa = XCBuildConfiguration;
			buildSettings = {
				ALWAYS_SEARCH_USER_PATHS = NO;
				CLANG_ANALYZER_NONNULL = YES;
				CLANG_ANALYZER_NUMBER_OBJECT_CONVERSION = YES_AGGRESSIVE;
				CLANG_CXX_LANGUAGE_STANDARD = "gnu++0x";
				CLANG_CXX_LIBRARY = "libc++";
				CLANG_ENABLE_MODULES = YES;
				CLANG_ENABLE_OBJC_ARC = YES;
				CLANG_WARN_BLOCK_CAPTURE_AUTORELEASING = YES;
				CLANG_WARN_BOOL_CONVERSION = YES;
				CLANG_WARN_COMMA = YES;
				CLANG_WARN_CONSTANT_CONVERSION = YES;
				CLANG_WARN_DEPRECATED_OBJC_IMPLEMENTATIONS = YES;
				CLANG_WARN_DIRECT_OBJC_ISA_USAGE = YES_ERROR;
				CLANG_WARN_DOCUMENTATION_COMMENTS = YES;
				CLANG_WARN_EMPTY_BODY = YES;
				CLANG_WARN_ENUM_CONVERSION = YES;
				CLANG_WARN_INFINITE_RECURSION = YES;
				CLANG_WARN_INT_CONVERSION = YES;
				CLANG_WARN_NON_LITERAL_NULL_CONVERSION = YES;
				CLANG_WARN_OBJC_IMPLICIT_RETAIN_SELF = YES;
				CLANG_WARN_OBJC_LITERAL_CONVERSION = YES;
				CLANG_WARN_OBJC_ROOT_CLASS = YES_ERROR;
				CLANG_WARN_RANGE_LOOP_ANALYSIS = YES;
				CLANG_WARN_STRICT_PROTOTYPES = YES;
				CLANG_WARN_SUSPICIOUS_MOVE = YES;
				CLANG_WARN_UNREACHABLE_CODE = YES;
				CLANG_WARN__DUPLICATE_METHOD_MATCH = YES;
				"CODE_SIGN_IDENTITY[sdk=iphoneos*]" = "iPhone Developer";
				COPY_PHASE_STRIP = NO;
				DEBUG_INFORMATION_FORMAT = dwarf;
				ENABLE_STRICT_OBJC_MSGSEND = YES;
				ENABLE_TESTABILITY = YES;
				GCC_C_LANGUAGE_STANDARD = gnu99;
				GCC_DYNAMIC_NO_PIC = NO;
				GCC_NO_COMMON_BLOCKS = YES;
				GCC_OPTIMIZATION_LEVEL = 0;
				GCC_PREPROCESSOR_DEFINITIONS = (
					"DEBUG=1",
					"$(inherited)",
				);
				GCC_WARN_64_TO_32_BIT_CONVERSION = YES;
				GCC_WARN_ABOUT_RETURN_TYPE = YES_ERROR;
				GCC_WARN_UNDECLARED_SELECTOR = YES;
				GCC_WARN_UNINITIALIZED_AUTOS = YES_AGGRESSIVE;
				GCC_WARN_UNUSED_FUNCTION = YES;
				GCC_WARN_UNUSED_VARIABLE = YES;
				IPHONEOS_DEPLOYMENT_TARGET = 10.0;
				MTL_ENABLE_DEBUG_INFO = YES;
				ONLY_ACTIVE_ARCH = YES;
				SDKROOT = iphoneos;
				SWIFT_ACTIVE_COMPILATION_CONDITIONS = DEBUG;
				SWIFT_OPTIMIZATION_LEVEL = "-Onone";
				TARGETED_DEVICE_FAMILY = "1,2";
			};
			name = Debug;
		};
		286E1B211F646E0C00C9ED47 /* Release */ = {
			isa = XCBuildConfiguration;
			buildSettings = {
				ALWAYS_SEARCH_USER_PATHS = NO;
				CLANG_ANALYZER_NONNULL = YES;
				CLANG_ANALYZER_NUMBER_OBJECT_CONVERSION = YES_AGGRESSIVE;
				CLANG_CXX_LANGUAGE_STANDARD = "gnu++0x";
				CLANG_CXX_LIBRARY = "libc++";
				CLANG_ENABLE_MODULES = YES;
				CLANG_ENABLE_OBJC_ARC = YES;
				CLANG_WARN_BLOCK_CAPTURE_AUTORELEASING = YES;
				CLANG_WARN_BOOL_CONVERSION = YES;
				CLANG_WARN_COMMA = YES;
				CLANG_WARN_CONSTANT_CONVERSION = YES;
				CLANG_WARN_DEPRECATED_OBJC_IMPLEMENTATIONS = YES;
				CLANG_WARN_DIRECT_OBJC_ISA_USAGE = YES_ERROR;
				CLANG_WARN_DOCUMENTATION_COMMENTS = YES;
				CLANG_WARN_EMPTY_BODY = YES;
				CLANG_WARN_ENUM_CONVERSION = YES;
				CLANG_WARN_INFINITE_RECURSION = YES;
				CLANG_WARN_INT_CONVERSION = YES;
				CLANG_WARN_NON_LITERAL_NULL_CONVERSION = YES;
				CLANG_WARN_OBJC_IMPLICIT_RETAIN_SELF = YES;
				CLANG_WARN_OBJC_LITERAL_CONVERSION = YES;
				CLANG_WARN_OBJC_ROOT_CLASS = YES_ERROR;
				CLANG_WARN_RANGE_LOOP_ANALYSIS = YES;
				CLANG_WARN_STRICT_PROTOTYPES = YES;
				CLANG_WARN_SUSPICIOUS_MOVE = YES;
				CLANG_WARN_UNREACHABLE_CODE = YES;
				CLANG_WARN__DUPLICATE_METHOD_MATCH = YES;
				"CODE_SIGN_IDENTITY[sdk=iphoneos*]" = "iPhone Developer";
				COPY_PHASE_STRIP = NO;
				DEBUG_INFORMATION_FORMAT = "dwarf-with-dsym";
				ENABLE_NS_ASSERTIONS = NO;
				ENABLE_STRICT_OBJC_MSGSEND = YES;
				GCC_C_LANGUAGE_STANDARD = gnu99;
				GCC_NO_COMMON_BLOCKS = YES;
				GCC_WARN_64_TO_32_BIT_CONVERSION = YES;
				GCC_WARN_ABOUT_RETURN_TYPE = YES_ERROR;
				GCC_WARN_UNDECLARED_SELECTOR = YES;
				GCC_WARN_UNINITIALIZED_AUTOS = YES_AGGRESSIVE;
				GCC_WARN_UNUSED_FUNCTION = YES;
				GCC_WARN_UNUSED_VARIABLE = YES;
				IPHONEOS_DEPLOYMENT_TARGET = 10.0;
				MTL_ENABLE_DEBUG_INFO = NO;
				SDKROOT = iphoneos;
				SWIFT_OPTIMIZATION_LEVEL = "-Owholemodule";
				TARGETED_DEVICE_FAMILY = "1,2";
				VALIDATE_PRODUCT = YES;
			};
			name = Release;
		};
		286E1B231F646E0C00C9ED47 /* Debug */ = {
			isa = XCBuildConfiguration;
			buildSettings = {
				ASSETCATALOG_COMPILER_APPICON_NAME = AppIcon;
				DEVELOPMENT_TEAM = "";
				INFOPLIST_FILE = MyReservatioins/Info.plist;
				LD_RUNPATH_SEARCH_PATHS = "$(inherited) @executable_path/Frameworks";
				PRODUCT_BUNDLE_IDENTIFIER = com.tbd.myreservations.MyReservatioins;
				PRODUCT_NAME = "$(TARGET_NAME)";
				PROVISIONING_PROFILE_SPECIFIER = "";
				SWIFT_SWIFT3_OBJC_INFERENCE = On;
				SWIFT_VERSION = 4.2;
			};
			name = Debug;
		};
		286E1B241F646E0C00C9ED47 /* Release */ = {
			isa = XCBuildConfiguration;
			buildSettings = {
				ASSETCATALOG_COMPILER_APPICON_NAME = AppIcon;
				DEVELOPMENT_TEAM = "";
				INFOPLIST_FILE = MyReservatioins/Info.plist;
				LD_RUNPATH_SEARCH_PATHS = "$(inherited) @executable_path/Frameworks";
				PRODUCT_BUNDLE_IDENTIFIER = com.tbd.myreservations.MyReservatioins;
				PRODUCT_NAME = "$(TARGET_NAME)";
				PROVISIONING_PROFILE_SPECIFIER = "";
				SWIFT_SWIFT3_OBJC_INFERENCE = On;
				SWIFT_VERSION = 4.2;
			};
			name = Release;
		};
/* End XCBuildConfiguration section */

/* Begin XCConfigurationList section */
		286E1B081F646E0C00C9ED47 /* Build configuration list for PBXProject "MyReservatioins" */ = {
			isa = XCConfigurationList;
			buildConfigurations = (
				286E1B201F646E0C00C9ED47 /* Debug */,
				286E1B211F646E0C00C9ED47 /* Release */,
			);
			defaultConfigurationIsVisible = 0;
			defaultConfigurationName = Release;
		};
		286E1B221F646E0C00C9ED47 /* Build configuration list for PBXNativeTarget "MyReservatioins" */ = {
			isa = XCConfigurationList;
			buildConfigurations = (
				286E1B231F646E0C00C9ED47 /* Debug */,
				286E1B241F646E0C00C9ED47 /* Release */,
			);
			defaultConfigurationIsVisible = 0;
			defaultConfigurationName = Release;
		};
/* End XCConfigurationList section */

/* Begin XCVersionGroup section */
		286E1B171F646E0C00C9ED47 /* MyReservatioins.xcdatamodeld */ = {
			isa = XCVersionGroup;
			children = (
				286E1B181F646E0C00C9ED47 /* MyReservatioins.xcdatamodel */,
			);
			currentVersion = 286E1B181F646E0C00C9ED47 /* MyReservatioins.xcdatamodel */;
			path = MyReservatioins.xcdatamodeld;
			sourceTree = "<group>";
			versionGroupType = wrapper.xcdatamodel;
		};
/* End XCVersionGroup section */
	};
	rootObject = 286E1B051F646E0C00C9ED47 /* Project object */;
}
